// !$*UTF8*$!
{
	archiveVersion = 1;
	classes = {
	};
	objectVersion = 46;
	objects = {

/* Begin PBXBuildFile section */
		8E0FCD531A099B1000CBBBFB /* Bolts.framework in Frameworks */ = {isa = PBXBuildFile; fileRef = 8E0FCD501A099B1000CBBBFB /* Bolts.framework */; };
		8E0FCD541A099B1000CBBBFB /* Parse.framework in Frameworks */ = {isa = PBXBuildFile; fileRef = 8E0FCD511A099B1000CBBBFB /* Parse.framework */; };
		8E0FCD551A099B1000CBBBFB /* ParseFacebookUtils.framework in Frameworks */ = {isa = PBXBuildFile; fileRef = 8E0FCD521A099B1000CBBBFB /* ParseFacebookUtils.framework */; };
		8E0FCD591A09AF6C00CBBBFB /* CoreData.framework in Frameworks */ = {isa = PBXBuildFile; fileRef = 8E0FCD581A09AF6C00CBBBFB /* CoreData.framework */; };
		8E0FCD5B1A09B00E00CBBBFB /* Twitter.framework in Frameworks */ = {isa = PBXBuildFile; fileRef = 8E0FCD5A1A09B00E00CBBBFB /* Twitter.framework */; };
		8E0FCD5F1A09B32A00CBBBFB /* FacebookSDK.framework in Frameworks */ = {isa = PBXBuildFile; fileRef = 8E0FCD5E1A09B32A00CBBBFB /* FacebookSDK.framework */; };
		8E0FCD611A09B3A200CBBBFB /* libsqlite3.0.dylib in Frameworks */ = {isa = PBXBuildFile; fileRef = 8E0FCD601A09B3A200CBBBFB /* libsqlite3.0.dylib */; };
		8E0FCD631A09B3B200CBBBFB /* Accounts.framework in Frameworks */ = {isa = PBXBuildFile; fileRef = 8E0FCD621A09B3B200CBBBFB /* Accounts.framework */; };
		8E0FCD651A09B3C200CBBBFB /* AdSupport.framework in Frameworks */ = {isa = PBXBuildFile; fileRef = 8E0FCD641A09B3C200CBBBFB /* AdSupport.framework */; };
		8E0FCD671A09B3D400CBBBFB /* Social.framework in Frameworks */ = {isa = PBXBuildFile; fileRef = 8E0FCD661A09B3D400CBBBFB /* Social.framework */; };
		8E6303651A0088F9006918A6 /* Foundation.framework in Frameworks */ = {isa = PBXBuildFile; fileRef = 8E6303641A0088F9006918A6 /* Foundation.framework */; };
		8E6303671A0088F9006918A6 /* CoreGraphics.framework in Frameworks */ = {isa = PBXBuildFile; fileRef = 8E6303661A0088F9006918A6 /* CoreGraphics.framework */; };
		8E6303691A0088F9006918A6 /* UIKit.framework in Frameworks */ = {isa = PBXBuildFile; fileRef = 8E6303681A0088F9006918A6 /* UIKit.framework */; };
		8E63036F1A0088F9006918A6 /* InfoPlist.strings in Resources */ = {isa = PBXBuildFile; fileRef = 8E63036D1A0088F9006918A6 /* InfoPlist.strings */; };
		8E6303711A0088F9006918A6 /* main.m in Sources */ = {isa = PBXBuildFile; fileRef = 8E6303701A0088F9006918A6 /* main.m */; };
		8E6303751A0088F9006918A6 /* AppDelegate.m in Sources */ = {isa = PBXBuildFile; fileRef = 8E6303741A0088F9006918A6 /* AppDelegate.m */; };
		8E6303781A0088F9006918A6 /* Main.storyboard in Resources */ = {isa = PBXBuildFile; fileRef = 8E6303761A0088F9006918A6 /* Main.storyboard */; };
		8E63037B1A0088F9006918A6 /* ViewController.m in Sources */ = {isa = PBXBuildFile; fileRef = 8E63037A1A0088F9006918A6 /* ViewController.m */; };
		8E63037D1A0088F9006918A6 /* Images.xcassets in Resources */ = {isa = PBXBuildFile; fileRef = 8E63037C1A0088F9006918A6 /* Images.xcassets */; };
		8E6303841A0088F9006918A6 /* XCTest.framework in Frameworks */ = {isa = PBXBuildFile; fileRef = 8E6303831A0088F9006918A6 /* XCTest.framework */; };
		8E6303851A0088F9006918A6 /* Foundation.framework in Frameworks */ = {isa = PBXBuildFile; fileRef = 8E6303641A0088F9006918A6 /* Foundation.framework */; };
		8E6303861A0088F9006918A6 /* UIKit.framework in Frameworks */ = {isa = PBXBuildFile; fileRef = 8E6303681A0088F9006918A6 /* UIKit.framework */; };
		8E63038E1A0088F9006918A6 /* InfoPlist.strings in Resources */ = {isa = PBXBuildFile; fileRef = 8E63038C1A0088F9006918A6 /* InfoPlist.strings */; };
		8E6303901A0088F9006918A6 /* Project_1Tests.m in Sources */ = {isa = PBXBuildFile; fileRef = 8E63038F1A0088F9006918A6 /* Project_1Tests.m */; };
		8E63039C1A00893F006918A6 /* Bolts.framework in Frameworks */ = {isa = PBXBuildFile; fileRef = 8E6303991A00893F006918A6 /* Bolts.framework */; };
		8E63039D1A00893F006918A6 /* Parse.framework in Frameworks */ = {isa = PBXBuildFile; fileRef = 8E63039A1A00893F006918A6 /* Parse.framework */; };
		8E63039E1A00893F006918A6 /* ParseFacebookUtils.framework in Frameworks */ = {isa = PBXBuildFile; fileRef = 8E63039B1A00893F006918A6 /* ParseFacebookUtils.framework */; };
		8E6303A01A008971006918A6 /* AudioToolbox.framework in Frameworks */ = {isa = PBXBuildFile; fileRef = 8E63039F1A008971006918A6 /* AudioToolbox.framework */; };
		8E6303A21A008977006918A6 /* CFNetwork.framework in Frameworks */ = {isa = PBXBuildFile; fileRef = 8E6303A11A008977006918A6 /* CFNetwork.framework */; };
		8E6303A41A008983006918A6 /* CoreLocation.framework in Frameworks */ = {isa = PBXBuildFile; fileRef = 8E6303A31A008983006918A6 /* CoreLocation.framework */; };
		8E6303A61A008989006918A6 /* libz.dylib in Frameworks */ = {isa = PBXBuildFile; fileRef = 8E6303A51A008989006918A6 /* libz.dylib */; };
		8E6303A81A008991006918A6 /* MobileCoreServices.framework in Frameworks */ = {isa = PBXBuildFile; fileRef = 8E6303A71A008991006918A6 /* MobileCoreServices.framework */; };
		8E6303AA1A008997006918A6 /* QuartzCore.framework in Frameworks */ = {isa = PBXBuildFile; fileRef = 8E6303A91A008997006918A6 /* QuartzCore.framework */; };
		8E6303AC1A00899B006918A6 /* Security.framework in Frameworks */ = {isa = PBXBuildFile; fileRef = 8E6303AB1A00899B006918A6 /* Security.framework */; };
		8E6303AE1A0089A0006918A6 /* StoreKit.framework in Frameworks */ = {isa = PBXBuildFile; fileRef = 8E6303AD1A0089A0006918A6 /* StoreKit.framework */; };
		8E6303B01A0089A6006918A6 /* SystemConfiguration.framework in Frameworks */ = {isa = PBXBuildFile; fileRef = 8E6303AF1A0089A6006918A6 /* SystemConfiguration.framework */; };
		8E6303B91A009514006918A6 /* tableViewController.m in Sources */ = {isa = PBXBuildFile; fileRef = 8E6303B81A009514006918A6 /* tableViewController.m */; };
		8EDFCF0D1A0B2B290052D8DD /* newTableViewCell.m in Sources */ = {isa = PBXBuildFile; fileRef = 8EDFCF0C1A0B2B290052D8DD /* newTableViewCell.m */; };
		8EDFCF0F1A0B2B3C0052D8DD /* formattedCell.xib in Resources */ = {isa = PBXBuildFile; fileRef = 8EDFCF0E1A0B2B3C0052D8DD /* formattedCell.xib */; };
		8EDFCF581A0B2F9D0052D8DD /* SimpleTableCell.m in Sources */ = {isa = PBXBuildFile; fileRef = 8EDFCF571A0B2F9D0052D8DD /* SimpleTableCell.m */; };
		8EDFCF5A1A0B2FE10052D8DD /* SimpleTableCell.xib in Resources */ = {isa = PBXBuildFile; fileRef = 8EDFCF591A0B2FE10052D8DD /* SimpleTableCell.xib */; };
		8EDFCF5D1A0B30E90052D8DD /* Match.m in Sources */ = {isa = PBXBuildFile; fileRef = 8EDFCF5C1A0B30E90052D8DD /* Match.m */; };
		8EDFCF601A0B32EF0052D8DD /* PicksViewController.m in Sources */ = {isa = PBXBuildFile; fileRef = 8EDFCF5F1A0B32EF0052D8DD /* PicksViewController.m */; };
/* End PBXBuildFile section */

/* Begin PBXContainerItemProxy section */
		8E6303871A0088F9006918A6 /* PBXContainerItemProxy */ = {
			isa = PBXContainerItemProxy;
			containerPortal = 8E6303591A0088F9006918A6 /* Project object */;
			proxyType = 1;
			remoteGlobalIDString = 8E6303601A0088F9006918A6;
			remoteInfo = Project_1;
		};
/* End PBXContainerItemProxy section */

/* Begin PBXFileReference section */
		8E0FCD501A099B1000CBBBFB /* Bolts.framework */ = {isa = PBXFileReference; lastKnownFileType = wrapper.framework; path = Bolts.framework; sourceTree = "<group>"; };
		8E0FCD511A099B1000CBBBFB /* Parse.framework */ = {isa = PBXFileReference; lastKnownFileType = wrapper.framework; path = Parse.framework; sourceTree = "<group>"; };
		8E0FCD521A099B1000CBBBFB /* ParseFacebookUtils.framework */ = {isa = PBXFileReference; lastKnownFileType = wrapper.framework; path = ParseFacebookUtils.framework; sourceTree = "<group>"; };
		8E0FCD581A09AF6C00CBBBFB /* CoreData.framework */ = {isa = PBXFileReference; lastKnownFileType = wrapper.framework; name = CoreData.framework; path = System/Library/Frameworks/CoreData.framework; sourceTree = SDKROOT; };
		8E0FCD5A1A09B00E00CBBBFB /* Twitter.framework */ = {isa = PBXFileReference; lastKnownFileType = wrapper.framework; name = Twitter.framework; path = System/Library/Frameworks/Twitter.framework; sourceTree = SDKROOT; };
		8E0FCD5E1A09B32A00CBBBFB /* FacebookSDK.framework */ = {isa = PBXFileReference; lastKnownFileType = wrapper.framework; path = FacebookSDK.framework; sourceTree = "<group>"; };
		8E0FCD601A09B3A200CBBBFB /* libsqlite3.0.dylib */ = {isa = PBXFileReference; lastKnownFileType = "compiled.mach-o.dylib"; name = libsqlite3.0.dylib; path = usr/lib/libsqlite3.0.dylib; sourceTree = SDKROOT; };
		8E0FCD621A09B3B200CBBBFB /* Accounts.framework */ = {isa = PBXFileReference; lastKnownFileType = wrapper.framework; name = Accounts.framework; path = System/Library/Frameworks/Accounts.framework; sourceTree = SDKROOT; };
		8E0FCD641A09B3C200CBBBFB /* AdSupport.framework */ = {isa = PBXFileReference; lastKnownFileType = wrapper.framework; name = AdSupport.framework; path = System/Library/Frameworks/AdSupport.framework; sourceTree = SDKROOT; };
		8E0FCD661A09B3D400CBBBFB /* Social.framework */ = {isa = PBXFileReference; lastKnownFileType = wrapper.framework; name = Social.framework; path = System/Library/Frameworks/Social.framework; sourceTree = SDKROOT; };
		8E6303611A0088F9006918A6 /* Project_1.app */ = {isa = PBXFileReference; explicitFileType = wrapper.application; includeInIndex = 0; path = Project_1.app; sourceTree = BUILT_PRODUCTS_DIR; };
		8E6303641A0088F9006918A6 /* Foundation.framework */ = {isa = PBXFileReference; lastKnownFileType = wrapper.framework; name = Foundation.framework; path = System/Library/Frameworks/Foundation.framework; sourceTree = SDKROOT; };
		8E6303661A0088F9006918A6 /* CoreGraphics.framework */ = {isa = PBXFileReference; lastKnownFileType = wrapper.framework; name = CoreGraphics.framework; path = System/Library/Frameworks/CoreGraphics.framework; sourceTree = SDKROOT; };
		8E6303681A0088F9006918A6 /* UIKit.framework */ = {isa = PBXFileReference; lastKnownFileType = wrapper.framework; name = UIKit.framework; path = System/Library/Frameworks/UIKit.framework; sourceTree = SDKROOT; };
		8E63036C1A0088F9006918A6 /* Project_1-Info.plist */ = {isa = PBXFileReference; lastKnownFileType = text.plist.xml; path = "Project_1-Info.plist"; sourceTree = "<group>"; };
		8E63036E1A0088F9006918A6 /* en */ = {isa = PBXFileReference; lastKnownFileType = text.plist.strings; name = en; path = en.lproj/InfoPlist.strings; sourceTree = "<group>"; };
		8E6303701A0088F9006918A6 /* main.m */ = {isa = PBXFileReference; lastKnownFileType = sourcecode.c.objc; path = main.m; sourceTree = "<group>"; };
		8E6303721A0088F9006918A6 /* Project_1-Prefix.pch */ = {isa = PBXFileReference; lastKnownFileType = sourcecode.c.h; path = "Project_1-Prefix.pch"; sourceTree = "<group>"; };
		8E6303731A0088F9006918A6 /* AppDelegate.h */ = {isa = PBXFileReference; lastKnownFileType = sourcecode.c.h; path = AppDelegate.h; sourceTree = "<group>"; };
		8E6303741A0088F9006918A6 /* AppDelegate.m */ = {isa = PBXFileReference; lastKnownFileType = sourcecode.c.objc; path = AppDelegate.m; sourceTree = "<group>"; };
		8E6303771A0088F9006918A6 /* Base */ = {isa = PBXFileReference; lastKnownFileType = file.storyboard; name = Base; path = Base.lproj/Main.storyboard; sourceTree = "<group>"; };
		8E6303791A0088F9006918A6 /* ViewController.h */ = {isa = PBXFileReference; lastKnownFileType = sourcecode.c.h; path = ViewController.h; sourceTree = "<group>"; };
		8E63037A1A0088F9006918A6 /* ViewController.m */ = {isa = PBXFileReference; lastKnownFileType = sourcecode.c.objc; path = ViewController.m; sourceTree = "<group>"; };
		8E63037C1A0088F9006918A6 /* Images.xcassets */ = {isa = PBXFileReference; lastKnownFileType = folder.assetcatalog; path = Images.xcassets; sourceTree = "<group>"; };
		8E6303821A0088F9006918A6 /* Project_1Tests.xctest */ = {isa = PBXFileReference; explicitFileType = wrapper.cfbundle; includeInIndex = 0; path = Project_1Tests.xctest; sourceTree = BUILT_PRODUCTS_DIR; };
		8E6303831A0088F9006918A6 /* XCTest.framework */ = {isa = PBXFileReference; lastKnownFileType = wrapper.framework; name = XCTest.framework; path = Library/Frameworks/XCTest.framework; sourceTree = DEVELOPER_DIR; };
		8E63038B1A0088F9006918A6 /* Project_1Tests-Info.plist */ = {isa = PBXFileReference; lastKnownFileType = text.plist.xml; path = "Project_1Tests-Info.plist"; sourceTree = "<group>"; };
		8E63038D1A0088F9006918A6 /* en */ = {isa = PBXFileReference; lastKnownFileType = text.plist.strings; name = en; path = en.lproj/InfoPlist.strings; sourceTree = "<group>"; };
		8E63038F1A0088F9006918A6 /* Project_1Tests.m */ = {isa = PBXFileReference; lastKnownFileType = sourcecode.c.objc; path = Project_1Tests.m; sourceTree = "<group>"; };
		8E6303991A00893F006918A6 /* Bolts.framework */ = {isa = PBXFileReference; lastKnownFileType = wrapper.framework; path = Bolts.framework; sourceTree = "<group>"; };
		8E63039A1A00893F006918A6 /* Parse.framework */ = {isa = PBXFileReference; lastKnownFileType = wrapper.framework; path = Parse.framework; sourceTree = "<group>"; };
		8E63039B1A00893F006918A6 /* ParseFacebookUtils.framework */ = {isa = PBXFileReference; lastKnownFileType = wrapper.framework; path = ParseFacebookUtils.framework; sourceTree = "<group>"; };
		8E63039F1A008971006918A6 /* AudioToolbox.framework */ = {isa = PBXFileReference; lastKnownFileType = wrapper.framework; name = AudioToolbox.framework; path = System/Library/Frameworks/AudioToolbox.framework; sourceTree = SDKROOT; };
		8E6303A11A008977006918A6 /* CFNetwork.framework */ = {isa = PBXFileReference; lastKnownFileType = wrapper.framework; name = CFNetwork.framework; path = System/Library/Frameworks/CFNetwork.framework; sourceTree = SDKROOT; };
		8E6303A31A008983006918A6 /* CoreLocation.framework */ = {isa = PBXFileReference; lastKnownFileType = wrapper.framework; name = CoreLocation.framework; path = System/Library/Frameworks/CoreLocation.framework; sourceTree = SDKROOT; };
		8E6303A51A008989006918A6 /* libz.dylib */ = {isa = PBXFileReference; lastKnownFileType = "compiled.mach-o.dylib"; name = libz.dylib; path = usr/lib/libz.dylib; sourceTree = SDKROOT; };
		8E6303A71A008991006918A6 /* MobileCoreServices.framework */ = {isa = PBXFileReference; lastKnownFileType = wrapper.framework; name = MobileCoreServices.framework; path = System/Library/Frameworks/MobileCoreServices.framework; sourceTree = SDKROOT; };
		8E6303A91A008997006918A6 /* QuartzCore.framework */ = {isa = PBXFileReference; lastKnownFileType = wrapper.framework; name = QuartzCore.framework; path = System/Library/Frameworks/QuartzCore.framework; sourceTree = SDKROOT; };
		8E6303AB1A00899B006918A6 /* Security.framework */ = {isa = PBXFileReference; lastKnownFileType = wrapper.framework; name = Security.framework; path = System/Library/Frameworks/Security.framework; sourceTree = SDKROOT; };
		8E6303AD1A0089A0006918A6 /* StoreKit.framework */ = {isa = PBXFileReference; lastKnownFileType = wrapper.framework; name = StoreKit.framework; path = System/Library/Frameworks/StoreKit.framework; sourceTree = SDKROOT; };
		8E6303AF1A0089A6006918A6 /* SystemConfiguration.framework */ = {isa = PBXFileReference; lastKnownFileType = wrapper.framework; name = SystemConfiguration.framework; path = System/Library/Frameworks/SystemConfiguration.framework; sourceTree = SDKROOT; };
		8E6303B71A009514006918A6 /* tableViewController.h */ = {isa = PBXFileReference; fileEncoding = 4; lastKnownFileType = sourcecode.c.h; path = tableViewController.h; sourceTree = "<group>"; };
		8E6303B81A009514006918A6 /* tableViewController.m */ = {isa = PBXFileReference; fileEncoding = 4; lastKnownFileType = sourcecode.c.objc; path = tableViewController.m; sourceTree = "<group>"; };
		8EDFCF0B1A0B2B290052D8DD /* newTableViewCell.h */ = {isa = PBXFileReference; fileEncoding = 4; lastKnownFileType = sourcecode.c.h; path = newTableViewCell.h; sourceTree = "<group>"; };
		8EDFCF0C1A0B2B290052D8DD /* newTableViewCell.m */ = {isa = PBXFileReference; fileEncoding = 4; lastKnownFileType = sourcecode.c.objc; path = newTableViewCell.m; sourceTree = "<group>"; };
		8EDFCF0E1A0B2B3C0052D8DD /* formattedCell.xib */ = {isa = PBXFileReference; fileEncoding = 4; lastKnownFileType = file.xib; path = formattedCell.xib; sourceTree = "<group>"; };
		8EDFCF561A0B2F9D0052D8DD /* SimpleTableCell.h */ = {isa = PBXFileReference; fileEncoding = 4; lastKnownFileType = sourcecode.c.h; path = SimpleTableCell.h; sourceTree = "<group>"; };
		8EDFCF571A0B2F9D0052D8DD /* SimpleTableCell.m */ = {isa = PBXFileReference; fileEncoding = 4; lastKnownFileType = sourcecode.c.objc; path = SimpleTableCell.m; sourceTree = "<group>"; };
		8EDFCF591A0B2FE10052D8DD /* SimpleTableCell.xib */ = {isa = PBXFileReference; fileEncoding = 4; lastKnownFileType = file.xib; path = SimpleTableCell.xib; sourceTree = "<group>"; };
		8EDFCF5B1A0B30E90052D8DD /* Match.h */ = {isa = PBXFileReference; fileEncoding = 4; lastKnownFileType = sourcecode.c.h; path = Match.h; sourceTree = "<group>"; };
		8EDFCF5C1A0B30E90052D8DD /* Match.m */ = {isa = PBXFileReference; fileEncoding = 4; lastKnownFileType = sourcecode.c.objc; path = Match.m; sourceTree = "<group>"; };
		8EDFCF5E1A0B32EF0052D8DD /* PicksViewController.h */ = {isa = PBXFileReference; fileEncoding = 4; lastKnownFileType = sourcecode.c.h; path = PicksViewController.h; sourceTree = "<group>"; };
		8EDFCF5F1A0B32EF0052D8DD /* PicksViewController.m */ = {isa = PBXFileReference; fileEncoding = 4; lastKnownFileType = sourcecode.c.objc; path = PicksViewController.m; sourceTree = "<group>"; };
/* End PBXFileReference section */

/* Begin PBXFrameworksBuildPhase section */
		8E63035E1A0088F9006918A6 /* Frameworks */ = {
			isa = PBXFrameworksBuildPhase;
			buildActionMask = 2147483647;
			files = (
				8E0FCD671A09B3D400CBBBFB /* Social.framework in Frameworks */,
				8E0FCD651A09B3C200CBBBFB /* AdSupport.framework in Frameworks */,
				8E0FCD631A09B3B200CBBBFB /* Accounts.framework in Frameworks */,
				8E0FCD611A09B3A200CBBBFB /* libsqlite3.0.dylib in Frameworks */,
				8E0FCD5B1A09B00E00CBBBFB /* Twitter.framework in Frameworks */,
				8E0FCD591A09AF6C00CBBBFB /* CoreData.framework in Frameworks */,
				8E6303B01A0089A6006918A6 /* SystemConfiguration.framework in Frameworks */,
				8E6303AE1A0089A0006918A6 /* StoreKit.framework in Frameworks */,
				8E0FCD551A099B1000CBBBFB /* ParseFacebookUtils.framework in Frameworks */,
				8E6303AC1A00899B006918A6 /* Security.framework in Frameworks */,
				8E6303AA1A008997006918A6 /* QuartzCore.framework in Frameworks */,
				8E6303A81A008991006918A6 /* MobileCoreServices.framework in Frameworks */,
				8E6303A61A008989006918A6 /* libz.dylib in Frameworks */,
				8E0FCD541A099B1000CBBBFB /* Parse.framework in Frameworks */,
				8E6303A41A008983006918A6 /* CoreLocation.framework in Frameworks */,
				8E6303671A0088F9006918A6 /* CoreGraphics.framework in Frameworks */,
				8E6303A21A008977006918A6 /* CFNetwork.framework in Frameworks */,
				8E6303A01A008971006918A6 /* AudioToolbox.framework in Frameworks */,
				8E6303691A0088F9006918A6 /* UIKit.framework in Frameworks */,
				8E63039E1A00893F006918A6 /* ParseFacebookUtils.framework in Frameworks */,
				8E6303651A0088F9006918A6 /* Foundation.framework in Frameworks */,
				8E63039C1A00893F006918A6 /* Bolts.framework in Frameworks */,
				8E63039D1A00893F006918A6 /* Parse.framework in Frameworks */,
				8E0FCD531A099B1000CBBBFB /* Bolts.framework in Frameworks */,
				8E0FCD5F1A09B32A00CBBBFB /* FacebookSDK.framework in Frameworks */,
			);
			runOnlyForDeploymentPostprocessing = 0;
		};
		8E63037F1A0088F9006918A6 /* Frameworks */ = {
			isa = PBXFrameworksBuildPhase;
			buildActionMask = 2147483647;
			files = (
				8E6303841A0088F9006918A6 /* XCTest.framework in Frameworks */,
				8E6303861A0088F9006918A6 /* UIKit.framework in Frameworks */,
				8E6303851A0088F9006918A6 /* Foundation.framework in Frameworks */,
			);
			runOnlyForDeploymentPostprocessing = 0;
		};
/* End PBXFrameworksBuildPhase section */

/* Begin PBXGroup section */
		8E6303581A0088F9006918A6 = {
			isa = PBXGroup;
			children = (
				8E6303B71A009514006918A6 /* tableViewController.h */,
				8E6303B81A009514006918A6 /* tableViewController.m */,
				8EDFCF0B1A0B2B290052D8DD /* newTableViewCell.h */,
				8EDFCF0C1A0B2B290052D8DD /* newTableViewCell.m */,
				8EDFCF0E1A0B2B3C0052D8DD /* formattedCell.xib */,
				8E63036A1A0088F9006918A6 /* Project_1 */,
				8E6303891A0088F9006918A6 /* Project_1Tests */,
				8E6303631A0088F9006918A6 /* Frameworks */,
				8E6303621A0088F9006918A6 /* Products */,
			);
			sourceTree = "<group>";
		};
		8E6303621A0088F9006918A6 /* Products */ = {
			isa = PBXGroup;
			children = (
				8E6303611A0088F9006918A6 /* Project_1.app */,
				8E6303821A0088F9006918A6 /* Project_1Tests.xctest */,
			);
			name = Products;
			sourceTree = "<group>";
		};
		8E6303631A0088F9006918A6 /* Frameworks */ = {
			isa = PBXGroup;
			children = (
				8E0FCD661A09B3D400CBBBFB /* Social.framework */,
				8E0FCD641A09B3C200CBBBFB /* AdSupport.framework */,
				8E0FCD621A09B3B200CBBBFB /* Accounts.framework */,
				8E0FCD601A09B3A200CBBBFB /* libsqlite3.0.dylib */,
				8E0FCD5E1A09B32A00CBBBFB /* FacebookSDK.framework */,
				8E0FCD5A1A09B00E00CBBBFB /* Twitter.framework */,
				8E0FCD581A09AF6C00CBBBFB /* CoreData.framework */,
				8E0FCD501A099B1000CBBBFB /* Bolts.framework */,
				8E0FCD511A099B1000CBBBFB /* Parse.framework */,
				8E0FCD521A099B1000CBBBFB /* ParseFacebookUtils.framework */,
				8E6303AF1A0089A6006918A6 /* SystemConfiguration.framework */,
				8E6303AD1A0089A0006918A6 /* StoreKit.framework */,
				8E6303AB1A00899B006918A6 /* Security.framework */,
				8E6303A91A008997006918A6 /* QuartzCore.framework */,
				8E6303A71A008991006918A6 /* MobileCoreServices.framework */,
				8E6303A51A008989006918A6 /* libz.dylib */,
				8E6303A31A008983006918A6 /* CoreLocation.framework */,
				8E6303A11A008977006918A6 /* CFNetwork.framework */,
				8E63039F1A008971006918A6 /* AudioToolbox.framework */,
				8E6303991A00893F006918A6 /* Bolts.framework */,
				8E63039A1A00893F006918A6 /* Parse.framework */,
				8E63039B1A00893F006918A6 /* ParseFacebookUtils.framework */,
				8E6303641A0088F9006918A6 /* Foundation.framework */,
				8E6303661A0088F9006918A6 /* CoreGraphics.framework */,
				8E6303681A0088F9006918A6 /* UIKit.framework */,
				8E6303831A0088F9006918A6 /* XCTest.framework */,
			);
			name = Frameworks;
			sourceTree = "<group>";
		};
		8E63036A1A0088F9006918A6 /* Project_1 */ = {
			isa = PBXGroup;
			children = (
				8E6303731A0088F9006918A6 /* AppDelegate.h */,
				8E6303741A0088F9006918A6 /* AppDelegate.m */,
				8E6303761A0088F9006918A6 /* Main.storyboard */,
				8EDFCF5E1A0B32EF0052D8DD /* PicksViewController.h */,
				8EDFCF5F1A0B32EF0052D8DD /* PicksViewController.m */,
				8E6303791A0088F9006918A6 /* ViewController.h */,
				8E63037A1A0088F9006918A6 /* ViewController.m */,
				8EDFCF561A0B2F9D0052D8DD /* SimpleTableCell.h */,
				8EDFCF571A0B2F9D0052D8DD /* SimpleTableCell.m */,
				8EDFCF591A0B2FE10052D8DD /* SimpleTableCell.xib */,
				8EDFCF5B1A0B30E90052D8DD /* Match.h */,
				8EDFCF5C1A0B30E90052D8DD /* Match.m */,
				8E63037C1A0088F9006918A6 /* Images.xcassets */,
				8E63036B1A0088F9006918A6 /* Supporting Files */,
			);
			path = Project_1;
			sourceTree = "<group>";
		};
		8E63036B1A0088F9006918A6 /* Supporting Files */ = {
			isa = PBXGroup;
			children = (
				8E63036C1A0088F9006918A6 /* Project_1-Info.plist */,
				8E63036D1A0088F9006918A6 /* InfoPlist.strings */,
				8E6303701A0088F9006918A6 /* main.m */,
				8E6303721A0088F9006918A6 /* Project_1-Prefix.pch */,
			);
			name = "Supporting Files";
			sourceTree = "<group>";
		};
		8E6303891A0088F9006918A6 /* Project_1Tests */ = {
			isa = PBXGroup;
			children = (
				8E63038F1A0088F9006918A6 /* Project_1Tests.m */,
				8E63038A1A0088F9006918A6 /* Supporting Files */,
			);
			path = Project_1Tests;
			sourceTree = "<group>";
		};
		8E63038A1A0088F9006918A6 /* Supporting Files */ = {
			isa = PBXGroup;
			children = (
				8E63038B1A0088F9006918A6 /* Project_1Tests-Info.plist */,
				8E63038C1A0088F9006918A6 /* InfoPlist.strings */,
			);
			name = "Supporting Files";
			sourceTree = "<group>";
		};
/* End PBXGroup section */

/* Begin PBXNativeTarget section */
		8E6303601A0088F9006918A6 /* Project_1 */ = {
			isa = PBXNativeTarget;
			buildConfigurationList = 8E6303931A0088F9006918A6 /* Build configuration list for PBXNativeTarget "Project_1" */;
			buildPhases = (
				8E63035D1A0088F9006918A6 /* Sources */,
				8E63035E1A0088F9006918A6 /* Frameworks */,
				8E63035F1A0088F9006918A6 /* Resources */,
			);
			buildRules = (
			);
			dependencies = (
			);
			name = Project_1;
			productName = Project_1;
			productReference = 8E6303611A0088F9006918A6 /* Project_1.app */;
			productType = "com.apple.product-type.application";
		};
		8E6303811A0088F9006918A6 /* Project_1Tests */ = {
			isa = PBXNativeTarget;
			buildConfigurationList = 8E6303961A0088F9006918A6 /* Build configuration list for PBXNativeTarget "Project_1Tests" */;
			buildPhases = (
				8E63037E1A0088F9006918A6 /* Sources */,
				8E63037F1A0088F9006918A6 /* Frameworks */,
				8E6303801A0088F9006918A6 /* Resources */,
			);
			buildRules = (
			);
			dependencies = (
				8E6303881A0088F9006918A6 /* PBXTargetDependency */,
			);
			name = Project_1Tests;
			productName = Project_1Tests;
			productReference = 8E6303821A0088F9006918A6 /* Project_1Tests.xctest */;
			productType = "com.apple.product-type.bundle.unit-test";
		};
/* End PBXNativeTarget section */

/* Begin PBXProject section */
		8E6303591A0088F9006918A6 /* Project object */ = {
			isa = PBXProject;
			attributes = {
				LastUpgradeCheck = 0510;
				ORGANIZATIONNAME = "___FULLUSERNAME___";
				TargetAttributes = {
					8E6303811A0088F9006918A6 = {
						TestTargetID = 8E6303601A0088F9006918A6;
					};
				};
			};
			buildConfigurationList = 8E63035C1A0088F9006918A6 /* Build configuration list for PBXProject "Project_1" */;
			compatibilityVersion = "Xcode 3.2";
			developmentRegion = English;
			hasScannedForEncodings = 0;
			knownRegions = (
				en,
				Base,
			);
			mainGroup = 8E6303581A0088F9006918A6;
			productRefGroup = 8E6303621A0088F9006918A6 /* Products */;
			projectDirPath = "";
			projectRoot = "";
			targets = (
				8E6303601A0088F9006918A6 /* Project_1 */,
				8E6303811A0088F9006918A6 /* Project_1Tests */,
			);
		};
/* End PBXProject section */

/* Begin PBXResourcesBuildPhase section */
		8E63035F1A0088F9006918A6 /* Resources */ = {
			isa = PBXResourcesBuildPhase;
			buildActionMask = 2147483647;
			files = (
				8EDFCF0F1A0B2B3C0052D8DD /* formattedCell.xib in Resources */,
				8EDFCF5A1A0B2FE10052D8DD /* SimpleTableCell.xib in Resources */,
				8E63037D1A0088F9006918A6 /* Images.xcassets in Resources */,
				8E63036F1A0088F9006918A6 /* InfoPlist.strings in Resources */,
				8E6303781A0088F9006918A6 /* Main.storyboard in Resources */,
			);
			runOnlyForDeploymentPostprocessing = 0;
		};
		8E6303801A0088F9006918A6 /* Resources */ = {
			isa = PBXResourcesBuildPhase;
			buildActionMask = 2147483647;
			files = (
				8E63038E1A0088F9006918A6 /* InfoPlist.strings in Resources */,
			);
			runOnlyForDeploymentPostprocessing = 0;
		};
/* End PBXResourcesBuildPhase section */

/* Begin PBXSourcesBuildPhase section */
		8E63035D1A0088F9006918A6 /* Sources */ = {
			isa = PBXSourcesBuildPhase;
			buildActionMask = 2147483647;
			files = (
				8EDFCF581A0B2F9D0052D8DD /* SimpleTableCell.m in Sources */,
				8EDFCF0D1A0B2B290052D8DD /* newTableViewCell.m in Sources */,
				8EDFCF601A0B32EF0052D8DD /* PicksViewController.m in Sources */,
				8E6303B91A009514006918A6 /* tableViewController.m in Sources */,
				8E63037B1A0088F9006918A6 /* ViewController.m in Sources */,
				8E6303751A0088F9006918A6 /* AppDelegate.m in Sources */,
				8E6303711A0088F9006918A6 /* main.m in Sources */,
				8EDFCF5D1A0B30E90052D8DD /* Match.m in Sources */,
			);
			runOnlyForDeploymentPostprocessing = 0;
		};
		8E63037E1A0088F9006918A6 /* Sources */ = {
			isa = PBXSourcesBuildPhase;
			buildActionMask = 2147483647;
			files = (
				8E6303901A0088F9006918A6 /* Project_1Tests.m in Sources */,
			);
			runOnlyForDeploymentPostprocessing = 0;
		};
/* End PBXSourcesBuildPhase section */

/* Begin PBXTargetDependency section */
		8E6303881A0088F9006918A6 /* PBXTargetDependency */ = {
			isa = PBXTargetDependency;
			target = 8E6303601A0088F9006918A6 /* Project_1 */;
			targetProxy = 8E6303871A0088F9006918A6 /* PBXContainerItemProxy */;
		};
/* End PBXTargetDependency section */

/* Begin PBXVariantGroup section */
		8E63036D1A0088F9006918A6 /* InfoPlist.strings */ = {
			isa = PBXVariantGroup;
			children = (
				8E63036E1A0088F9006918A6 /* en */,
			);
			name = InfoPlist.strings;
			sourceTree = "<group>";
		};
		8E6303761A0088F9006918A6 /* Main.storyboard */ = {
			isa = PBXVariantGroup;
			children = (
				8E6303771A0088F9006918A6 /* Base */,
			);
			name = Main.storyboard;
			sourceTree = "<group>";
		};
		8E63038C1A0088F9006918A6 /* InfoPlist.strings */ = {
			isa = PBXVariantGroup;
			children = (
				8E63038D1A0088F9006918A6 /* en */,
			);
			name = InfoPlist.strings;
			sourceTree = "<group>";
		};
/* End PBXVariantGroup section */

/* Begin XCBuildConfiguration section */
		8E6303911A0088F9006918A6 /* Debug */ = {
			isa = XCBuildConfiguration;
			buildSettings = {
				ALWAYS_SEARCH_USER_PATHS = NO;
				CLANG_CXX_LANGUAGE_STANDARD = "gnu++0x";
				CLANG_CXX_LIBRARY = "libc++";
				CLANG_ENABLE_MODULES = YES;
				CLANG_ENABLE_OBJC_ARC = YES;
				CLANG_WARN_BOOL_CONVERSION = YES;
				CLANG_WARN_CONSTANT_CONVERSION = YES;
				CLANG_WARN_DIRECT_OBJC_ISA_USAGE = YES_ERROR;
				CLANG_WARN_EMPTY_BODY = YES;
				CLANG_WARN_ENUM_CONVERSION = YES;
				CLANG_WARN_INT_CONVERSION = YES;
				CLANG_WARN_OBJC_ROOT_CLASS = YES_ERROR;
				CLANG_WARN__DUPLICATE_METHOD_MATCH = YES;
				"CODE_SIGN_IDENTITY[sdk=iphoneos*]" = "iPhone Developer";
				COPY_PHASE_STRIP = NO;
				GCC_C_LANGUAGE_STANDARD = gnu99;
				GCC_DYNAMIC_NO_PIC = NO;
				GCC_OPTIMIZATION_LEVEL = 0;
				GCC_PREPROCESSOR_DEFINITIONS = (
					"DEBUG=1",
					"$(inherited)",
				);
				GCC_SYMBOLS_PRIVATE_EXTERN = NO;
				GCC_WARN_64_TO_32_BIT_CONVERSION = YES;
				GCC_WARN_ABOUT_RETURN_TYPE = YES_ERROR;
				GCC_WARN_UNDECLARED_SELECTOR = YES;
				GCC_WARN_UNINITIALIZED_AUTOS = YES_AGGRESSIVE;
				GCC_WARN_UNUSED_FUNCTION = YES;
				GCC_WARN_UNUSED_VARIABLE = YES;
				IPHONEOS_DEPLOYMENT_TARGET = 7.1;
				ONLY_ACTIVE_ARCH = YES;
				SDKROOT = iphoneos;
			};
			name = Debug;
		};
		8E6303921A0088F9006918A6 /* Release */ = {
			isa = XCBuildConfiguration;
			buildSettings = {
				ALWAYS_SEARCH_USER_PATHS = NO;
				CLANG_CXX_LANGUAGE_STANDARD = "gnu++0x";
				CLANG_CXX_LIBRARY = "libc++";
				CLANG_ENABLE_MODULES = YES;
				CLANG_ENABLE_OBJC_ARC = YES;
				CLANG_WARN_BOOL_CONVERSION = YES;
				CLANG_WARN_CONSTANT_CONVERSION = YES;
				CLANG_WARN_DIRECT_OBJC_ISA_USAGE = YES_ERROR;
				CLANG_WARN_EMPTY_BODY = YES;
				CLANG_WARN_ENUM_CONVERSION = YES;
				CLANG_WARN_INT_CONVERSION = YES;
				CLANG_WARN_OBJC_ROOT_CLASS = YES_ERROR;
				CLANG_WARN__DUPLICATE_METHOD_MATCH = YES;
				"CODE_SIGN_IDENTITY[sdk=iphoneos*]" = "iPhone Developer";
				COPY_PHASE_STRIP = YES;
				ENABLE_NS_ASSERTIONS = NO;
				GCC_C_LANGUAGE_STANDARD = gnu99;
				GCC_WARN_64_TO_32_BIT_CONVERSION = YES;
				GCC_WARN_ABOUT_RETURN_TYPE = YES_ERROR;
				GCC_WARN_UNDECLARED_SELECTOR = YES;
				GCC_WARN_UNINITIALIZED_AUTOS = YES_AGGRESSIVE;
				GCC_WARN_UNUSED_FUNCTION = YES;
				GCC_WARN_UNUSED_VARIABLE = YES;
				IPHONEOS_DEPLOYMENT_TARGET = 7.1;
				SDKROOT = iphoneos;
				VALIDATE_PRODUCT = YES;
			};
			name = Release;
		};
		8E6303941A0088F9006918A6 /* Debug */ = {
			isa = XCBuildConfiguration;
			buildSettings = {
				ASSETCATALOG_COMPILER_APPICON_NAME = AppIcon;
				ASSETCATALOG_COMPILER_LAUNCHIMAGE_NAME = LaunchImage;
				FRAMEWORK_SEARCH_PATHS = (
					"$(inherited)",
					"$(PROJECT_DIR)",
				);
				GCC_PRECOMPILE_PREFIX_HEADER = YES;
				GCC_PREFIX_HEADER = "Project_1/Project_1-Prefix.pch";
				INFOPLIST_FILE = "Project_1/Project_1-Info.plist";
				PRODUCT_NAME = "$(TARGET_NAME)";
				WRAPPER_EXTENSION = app;
			};
			name = Debug;
		};
		8E6303951A0088F9006918A6 /* Release */ = {
			isa = XCBuildConfiguration;
			buildSettings = {
				ASSETCATALOG_COMPILER_APPICON_NAME = AppIcon;
				ASSETCATALOG_COMPILER_LAUNCHIMAGE_NAME = LaunchImage;
				FRAMEWORK_SEARCH_PATHS = (
					"$(inherited)",
					"$(PROJECT_DIR)",
				);
				GCC_PRECOMPILE_PREFIX_HEADER = YES;
				GCC_PREFIX_HEADER = "Project_1/Project_1-Prefix.pch";
				INFOPLIST_FILE = "Project_1/Project_1-Info.plist";
				PRODUCT_NAME = "$(TARGET_NAME)";
				WRAPPER_EXTENSION = app;
			};
			name = Release;
		};
		8E6303971A0088F9006918A6 /* Debug */ = {
			isa = XCBuildConfiguration;
			buildSettings = {
				BUNDLE_LOADER = "$(BUILT_PRODUCTS_DIR)/Project_1.app/Project_1";
				FRAMEWORK_SEARCH_PATHS = (
					"$(SDKROOT)/Developer/Library/Frameworks",
					"$(inherited)",
					"$(DEVELOPER_FRAMEWORKS_DIR)",
				);
				GCC_PRECOMPILE_PREFIX_HEADER = YES;
				GCC_PREFIX_HEADER = "Project_1/Project_1-Prefix.pch";
				GCC_PREPROCESSOR_DEFINITIONS = (
					"DEBUG=1",
					"$(inherited)",
				);
				INFOPLIST_FILE = "Project_1Tests/Project_1Tests-Info.plist";
				PRODUCT_NAME = "$(TARGET_NAME)";
				TEST_HOST = "$(BUNDLE_LOADER)";
				WRAPPER_EXTENSION = xctest;
			};
			name = Debug;
		};
		8E6303981A0088F9006918A6 /* Release */ = {
			isa = XCBuildConfiguration;
			buildSettings = {
				BUNDLE_LOADER = "$(BUILT_PRODUCTS_DIR)/Project_1.app/Project_1";
				FRAMEWORK_SEARCH_PATHS = (
					"$(SDKROOT)/Developer/Library/Frameworks",
					"$(inherited)",
					"$(DEVELOPER_FRAMEWORKS_DIR)",
				);
				GCC_PRECOMPILE_PREFIX_HEADER = YES;
				GCC_PREFIX_HEADER = "Project_1/Project_1-Prefix.pch";
				INFOPLIST_FILE = "Project_1Tests/Project_1Tests-Info.plist";
				PRODUCT_NAME = "$(TARGET_NAME)";
				TEST_HOST = "$(BUNDLE_LOADER)";
				WRAPPER_EXTENSION = xctest;
			};
			name = Release;
		};
/* End XCBuildConfiguration section */

/* Begin XCConfigurationList section */
		8E63035C1A0088F9006918A6 /* Build configuration list for PBXProject "Project_1" */ = {
			isa = XCConfigurationList;
			buildConfigurations = (
				8E6303911A0088F9006918A6 /* Debug */,
				8E6303921A0088F9006918A6 /* Release */,
			);
			defaultConfigurationIsVisible = 0;
			defaultConfigurationName = Release;
		};
		8E6303931A0088F9006918A6 /* Build configuration list for PBXNativeTarget "Project_1" */ = {
			isa = XCConfigurationList;
			buildConfigurations = (
				8E6303941A0088F9006918A6 /* Debug */,
				8E6303951A0088F9006918A6 /* Release */,
			);
			defaultConfigurationIsVisible = 0;
			defaultConfigurationName = Release;
		};
		8E6303961A0088F9006918A6 /* Build configuration list for PBXNativeTarget "Project_1Tests" */ = {
			isa = XCConfigurationList;
			buildConfigurations = (
				8E6303971A0088F9006918A6 /* Debug */,
				8E6303981A0088F9006918A6 /* Release */,
			);
			defaultConfigurationIsVisible = 0;
			defaultConfigurationName = Release;
		};
/* End XCConfigurationList section */
	};
	rootObject = 8E6303591A0088F9006918A6 /* Project object */;
}
